
Microsoft Visual Studio Solution File, Format Version 12.00
# Visual Studio Version 17
VisualStudioVersion = 17.11.35312.102
MinimumVisualStudioVersion = 10.0.40219.1
Project("{FAE04EC0-301F-11D3-BF4B-00C04F79EFBC}") = "OOPConcepts", "OOPConcepts\OOPConcepts.csproj", "{E3789131-746D-45BC-898E-82411036EB8B}"
EndProject
Global
	GlobalSection(SolutionConfigurationPlatforms) = preSolution
		Debug|Any CPU = Debug|Any CPU
		Release|Any CPU = Release|Any CPU
	EndGlobalSection
	GlobalSection(ProjectConfigurationPlatforms) = postSolution
		{E3789131-746D-45BC-898E-82411036EB8B}.Debug|Any CPU.ActiveCfg = Debug|Any CPU
		{E3789131-746D-45BC-898E-82411036EB8B}.Debug|Any CPU.Build.0 = Debug|Any CPU
		{E3789131-746D-45BC-898E-82411036EB8B}.Release|Any CPU.ActiveCfg = Release|Any CPU
		{E3789131-746D-45BC-898E-82411036EB8B}.Release|Any CPU.Build.0 = Release|Any CPU
	EndGlobalSection
	GlobalSection(SolutionProperties) = preSolution
		HideSolutionNode = FALSE
	EndGlobalSection
	GlobalSection(ExtensibilityGlobals) = postSolution
		SolutionGuid = {FAEDDAE2-7CA7-444B-83DE-4DD290131EBA}
	EndGlobalSection
EndGlobal
